
Microsoft Visual Studio Solution File, Format Version 12.00
# Visual Studio Version 17
VisualStudioVersion = 17.1.32328.378
MinimumVisualStudioVersion = 10.0.40219.1
Project("{9A19103F-16F7-4668-BE54-9A1E7A4F7556}") = "NServiceBus.Gateway", "NServiceBus.Gateway\NServiceBus.Gateway.csproj", "{25AD2314-8D8F-4950-B12C-D80487E666C9}"
EndProject
Project("{9A19103F-16F7-4668-BE54-9A1E7A4F7556}") = "NServiceBus.Gateway.Tests", "NServiceBus.Gateway.Tests\NServiceBus.Gateway.Tests.csproj", "{D74233B9-F8A2-4C17-BFD9-0ED50025C1B5}"
EndProject
Project("{9A19103F-16F7-4668-BE54-9A1E7A4F7556}") = "NServiceBus.Gateway.AcceptanceTests", "NServiceBus.Gateway.AcceptanceTests\NServiceBus.Gateway.AcceptanceTests.csproj", "{A294B9AD-3AC4-4A1D-8A51-14921F35AD08}"
EndProject
Project("{2150E333-8FDC-42A3-9474-1A3956D46DE8}") = "Solution Items", "Solution Items", "{5A37BBF9-A5C5-44BE-B684-17D256DDBF00}"
	ProjectSection(SolutionItems) = preProject
		Custom.Build.props = Custom.Build.props
	EndProjectSection
EndProject
Project("{9A19103F-16F7-4668-BE54-9A1E7A4F7556}") = "NServiceBus.Gateway.PersistenceTests", "NServiceBus.Gateway.PersistenceTests\NServiceBus.Gateway.PersistenceTests.csproj", "{42FAF188-456D-46E4-9D4D-9E6856B36274}"
EndProject
Global
	GlobalSection(SolutionConfigurationPlatforms) = preSolution
		Debug|Any CPU = Debug|Any CPU
		Release|Any CPU = Release|Any CPU
	EndGlobalSection
	GlobalSection(ProjectConfigurationPlatforms) = postSolution
		{25AD2314-8D8F-4950-B12C-D80487E666C9}.Debug|Any CPU.ActiveCfg = Debug|Any CPU
		{25AD2314-8D8F-4950-B12C-D80487E666C9}.Debug|Any CPU.Build.0 = Debug|Any CPU
		{25AD2314-8D8F-4950-B12C-D80487E666C9}.Release|Any CPU.ActiveCfg = Release|Any CPU
		{25AD2314-8D8F-4950-B12C-D80487E666C9}.Release|Any CPU.Build.0 = Release|Any CPU
		{D74233B9-F8A2-4C17-BFD9-0ED50025C1B5}.Debug|Any CPU.ActiveCfg = Debug|Any CPU
		{D74233B9-F8A2-4C17-BFD9-0ED50025C1B5}.Debug|Any CPU.Build.0 = Debug|Any CPU
		{D74233B9-F8A2-4C17-BFD9-0ED50025C1B5}.Release|Any CPU.ActiveCfg = Release|Any CPU
		{D74233B9-F8A2-4C17-BFD9-0ED50025C1B5}.Release|Any CPU.Build.0 = Release|Any CPU
		{A294B9AD-3AC4-4A1D-8A51-14921F35AD08}.Debug|Any CPU.ActiveCfg = Debug|Any CPU
		{A294B9AD-3AC4-4A1D-8A51-14921F35AD08}.Debug|Any CPU.Build.0 = Debug|Any CPU
		{A294B9AD-3AC4-4A1D-8A51-14921F35AD08}.Release|Any CPU.ActiveCfg = Release|Any CPU
		{A294B9AD-3AC4-4A1D-8A51-14921F35AD08}.Release|Any CPU.Build.0 = Release|Any CPU
		{42FAF188-456D-46E4-9D4D-9E6856B36274}.Debug|Any CPU.ActiveCfg = Debug|Any CPU
		{42FAF188-456D-46E4-9D4D-9E6856B36274}.Debug|Any CPU.Build.0 = Debug|Any CPU
		{42FAF188-456D-46E4-9D4D-9E6856B36274}.Release|Any CPU.ActiveCfg = Release|Any CPU
		{42FAF188-456D-46E4-9D4D-9E6856B36274}.Release|Any CPU.Build.0 = Release|Any CPU
	EndGlobalSection
	GlobalSection(SolutionProperties) = preSolution
		HideSolutionNode = FALSE
	EndGlobalSection
	GlobalSection(ExtensibilityGlobals) = postSolution
		SolutionGuid = {5DA1D523-6BA1-467A-8FC3-3ECB17C284B7}
	EndGlobalSection
EndGlobal
